<?xml version="1.0" encoding="utf-8"?>
<Project ToolsVersion="4.0" xmlns="http://schemas.microsoft.com/developer/msbuild/2003">
  <ItemGroup>
    <Filter Include="Fichiers sources">
      <UniqueIdentifier>{4FC737F1-C7A5-4376-A066-2A32D752A2FF}</UniqueIdentifier>
      <Extensions>cpp;c;cc;cxx;def;odl;idl;hpj;bat;asm;asmx</Extensions>
    </Filter>
    <Filter Include="Fichiers d%27en-tête">
      <UniqueIdentifier>{93995380-89BD-4b04-88EB-625FBE52EBFB}</UniqueIdentifier>
      <Extensions>h;hh;hpp;hxx;hm;inl;inc;xsd</Extensions>
    </Filter>
    <Filter Include="Fichiers de ressources">
      <UniqueIdentifier>{67DA6AB6-F800-4c08-8B7A-83BB121AAD01}</UniqueIdentifier>
      <Extensions>rc;ico;cur;bmp;dlg;rc2;rct;bin;rgs;gif;jpg;jpeg;jpe;resx;tiff;tif;png;wav;mfcribbon-ms</Extensions>
    </Filter>
    <Filter Include="Fichiers d%27en-tête\LevelStuff">
      <UniqueIdentifier>{5a282c5e-49f6-4930-8638-2ac17ad6b85b}</UniqueIdentifier>
    </Filter>
    <Filter Include="Fichiers d%27en-tête\BlocksStuff">
      <UniqueIdentifier>{24c6a5e7-d558-4f31-af12-300b1f84dba8}</UniqueIdentifier>
    </Filter>
    <Filter Include="Fichiers sources\LevelStuff">
      <UniqueIdentifier>{ccc062d9-74c5-414d-b2f1-1b63b69f91a9}</UniqueIdentifier>
    </Filter>
    <Filter Include="Fichiers sources\BlocksStuff">
      <UniqueIdentifier>{f3f3c62f-ed59-42b4-bbb3-63025fc4b10b}</UniqueIdentifier>
    </Filter>
  </ItemGroup>
  <ItemGroup>
    <ClCompile Include="Source.cpp">
      <Filter>Fichiers sources</Filter>
    </ClCompile>
    <ClCompile Include="SuperMarioBros.cpp">
      <Filter>Fichiers sources</Filter>
    </ClCompile>
    <ClCompile Include="Mario.cpp">
      <Filter>Fichiers sources</Filter>
    </ClCompile>
    <ClCompile Include="Goomba.cpp">
      <Filter>Fichiers sources</Filter>
    </ClCompile>
    <ClCompile Include="Koopa.cpp">
      <Filter>Fichiers sources</Filter>
    </ClCompile>
    <ClCompile Include="Background.cpp">
      <Filter>Fichiers sources\LevelStuff</Filter>
    </ClCompile>
    <ClCompile Include="BackgroundAssets.cpp">
      <Filter>Fichiers sources\LevelStuff</Filter>
    </ClCompile>
    <ClCompile Include="Level1n1.cpp">
      <Filter>Fichiers sources\LevelStuff</Filter>
    </ClCompile>
    <ClCompile Include="LevelAssets.cpp">
      <Filter>Fichiers sources\LevelStuff</Filter>
    </ClCompile>
    <ClCompile Include="Blocks.cpp">
      <Filter>Fichiers sources\BlocksStuff</Filter>
    </ClCompile>
    <ClCompile Include="BrickBlock.cpp">
      <Filter>Fichiers sources\BlocksStuff</Filter>
    </ClCompile>
    <ClCompile Include="ItemBlock.cpp">
      <Filter>Fichiers sources\BlocksStuff</Filter>
    </ClCompile>
  </ItemGroup>
  <ItemGroup>
    <ClInclude Include="SuperMarioBros.h">
      <Filter>Fichiers d%27en-tête</Filter>
    </ClInclude>
    <ClInclude Include="Mario.h">
      <Filter>Fichiers d%27en-tête</Filter>
    </ClInclude>
    <ClInclude Include="Goomba.h">
      <Filter>Fichiers d%27en-tête</Filter>
    </ClInclude>
    <ClInclude Include="Koopa.h">
      <Filter>Fichiers d%27en-tête</Filter>
    </ClInclude>
    <ClInclude Include="RessourceID.h">
      <Filter>Fichiers d%27en-tête</Filter>
    </ClInclude>
    <ClInclude Include="Libraries.h">
      <Filter>Fichiers d%27en-tête</Filter>
    </ClInclude>
    <ClInclude Include="Background.h">
      <Filter>Fichiers d%27en-tête\LevelStuff</Filter>
    </ClInclude>
    <ClInclude Include="BackgroundAssets.h">
      <Filter>Fichiers d%27en-tête\LevelStuff</Filter>
    </ClInclude>
    <ClInclude Include="LevelAssets.h">
      <Filter>Fichiers d%27en-tête\LevelStuff</Filter>
    </ClInclude>
    <ClInclude Include="Level1n1.h">
      <Filter>Fichiers d%27en-tête\LevelStuff</Filter>
    </ClInclude>
    <ClInclude Include="Blocks.h">
      <Filter>Fichiers d%27en-tête\BlocksStuff</Filter>
    </ClInclude>
    <ClInclude Include="BrickBlock.h">
      <Filter>Fichiers d%27en-tête\BlocksStuff</Filter>
    </ClInclude>
    <ClInclude Include="ItemBlock.h">
      <Filter>Fichiers d%27en-tête\BlocksStuff</Filter>
    </ClInclude>
  </ItemGroup>
</Project>